PODS:
  - Flutter (1.0.0)
  - NWWebSocket (0.5.10)
  - permission_handler_apple (9.3.0):
    - Flutter
  - pusher_channels_flutter (0.0.1):
    - Flutter
    - PusherSwift (~> 10.1.9)
  - PusherSwift (10.1.10):
    - NWWebSocket (~> 0.5.10)
    - PusherTweetNacl (~> 1.2.0)
  - PusherTweetNacl (1.2.0)
  - sign_in_with_apple (0.0.1):
    - Flutter

DEPENDENCIES:
  - Flutter (from `Flutter`)
  - permission_handler_apple (from `.symlinks/plugins/permission_handler_apple/ios`)
  - pusher_channels_flutter (from `.symlinks/plugins/pusher_channels_flutter/ios`)
  - sign_in_with_apple (from `.symlinks/plugins/sign_in_with_apple/ios`)

SPEC REPOS:
  trunk:
    - NWWebSocket
    - PusherSwift
    - PusherTweetNacl

EXTERNAL SOURCES:
  Flutter:
    :path: Flutter
  permission_handler_apple:
    :path: ".symlinks/plugins/permission_handler_apple/ios"
  pusher_channels_flutter:
    :path: ".symlinks/plugins/pusher_channels_flutter/ios"
  sign_in_with_apple:
    :path: ".symlinks/plugins/sign_in_with_apple/ios"

SPEC CHECKSUMS:
  Flutter: cabc95a1d2626b1b06e7179b784ebcf0c0cde467
  NWWebSocket: 873eb4b18acd0317da70cdba388d792a3187ce00
  permission_handler_apple: 4ed2196e43d0651e8ff7ca3483a069d469701f2d
  pusher_channels_flutter: 2723222f2686852dd91d13780938d11cca114a39
  PusherSwift: 6022fe6584b4317dc5c177091292b2a4d80a8c35
  PusherTweetNacl: 015f56f2cf010e718703f2bd9bca66fdcc91b208
  sign_in_with_apple: c5dcc141574c8c54d5ac99dd2163c0c72ad22418

PODFILE CHECKSUM: f602354cbd8ff80f81333d86d7c05b6bd76b1c30

COCOAPODS: 1.16.2
